{"1.2.0",
[{<<"chatterbox">>,{pkg,<<"ts_chatterbox">>,<<"0.9.1">>},0},
 {<<"firebase_admin">>,{pkg,<<"firebase_admin">>,<<"0.1.3">>},0},
 {<<"hpack">>,{pkg,<<"hpack_erl">>,<<"0.2.3">>},1},
 {<<"jhn_stdlib">>,{pkg,<<"jhn_stdlib">>,<<"3.6.1">>},1},
 {<<"jsx">>,{pkg,<<"jsx">>,<<"2.9.0">>},2},
 {<<"jwerl">>,{pkg,<<"jwerl">>,<<"1.1.0">>},1},
 {<<"poolboy">>,{pkg,<<"poolboy">>,<<"1.5.2">>},0}]}.
[
{pkg_hash,[
 {<<"chatterbox">>, <<"843557EE729B04B3C1BDAC33FB162DAEFDBF4F7AE0AF0BDC055FB16E91E057E3">>},
 {<<"firebase_admin">>, <<"4B9294FF5BA26C26945976E51D10659F47D68C4CF081C6187413BB401BDF1CC7">>},
 {<<"hpack">>, <<"17670F83FF984AE6CD74B1C456EDDE906D27FF013740EE4D9EFAA4F1BF999633">>},
 {<<"jhn_stdlib">>, <<"1D3A349FE45959EA747161B86E4B4D1957903F313416D72574B73D5F0F2C1DAF">>},
 {<<"jsx">>, <<"D2F6E5F069C00266CAD52FB15D87C428579EA4D7D73A33669E12679E203329DD">>},
 {<<"jwerl">>, <<"51F1893C797FA478B2FA569FA8E054DA63CD628C5E2D93A0BC46F6B4F105A35E">>},
 {<<"poolboy">>, <<"392B007A1693A64540CEAD79830443ABF5762F5D30CF50BC95CB2C1AAAFA006B">>}]},
{pkg_hash_ext,[
 {<<"chatterbox">>, <<"D5427C3701CCE85A7B7F9977A4A44B98E527494F6CB598717585A332EF4107B4">>},
 {<<"firebase_admin">>, <<"7C702CBF18D37760A17EBE20AC4756617C7C9C904E1CDE17A1814709660C2A93">>},
 {<<"hpack">>, <<"06F580167C4B8B8A6429040DF36CC93BBA6D571FAEAEC1B28816523379CBB23A">>},
 {<<"jhn_stdlib">>, <<"87BFBE01DE19D48877C87D00F52E34B37266C8C5C8D30F1F4612E6DDB0E6915F">>},
 {<<"jsx">>, <<"8EE1DB1CABAFDD578A2776A6AAAE87C2A8CE54B47B59E9EC7DAB5D7EB71CD8DC">>},
 {<<"jwerl">>, <<"080EF526BFAE523148394703EF1A5B0CDBC8A3A5519A0D1EA2800DB436EF818D">>},
 {<<"poolboy">>, <<"DAD79704CE5440F3D5A3681C8590B9DC25D1A561E8F5A9C995281012860901E3">>}]}
].
